
Microsoft Visual Studio Solution File, Format Version 12.00
# Visual Studio 2013
VisualStudioVersion = 12.0.31101.0
MinimumVisualStudioVersion = 10.0.40219.1
Project("{FAE04EC0-301F-11D3-BF4B-00C04F79EFBC}") = "CBinding", "CBinding\CBinding.csproj", "{D719A8A7-C5C7-49CF-BFFC-523D605E5E37}"
EndProject
Project("{FAE04EC0-301F-11D3-BF4B-00C04F79EFBC}") = "CAPIExamples", "CAPIExamples\CAPIExamples.csproj", "{88ED509D-8D32-4A4D-83F9-068D3B37F921}"
EndProject
Project("{FAE04EC0-301F-11D3-BF4B-00C04F79EFBC}") = "CBindingUnitTests", "CBindingUnitTests\CBindingUnitTests.csproj", "{10EAD22C-041F-4436-A391-935897309C23}"
EndProject
Global
	GlobalSection(SolutionConfigurationPlatforms) = preSolution
		Debug|Any CPU = Debug|Any CPU
		Release|Any CPU = Release|Any CPU
	EndGlobalSection
	GlobalSection(ProjectConfigurationPlatforms) = postSolution
		{D719A8A7-C5C7-49CF-BFFC-523D605E5E37}.Debug|Any CPU.ActiveCfg = Debug|Any CPU
		{D719A8A7-C5C7-49CF-BFFC-523D605E5E37}.Debug|Any CPU.Build.0 = Debug|Any CPU
		{D719A8A7-C5C7-49CF-BFFC-523D605E5E37}.Release|Any CPU.ActiveCfg = Release|Any CPU
		{D719A8A7-C5C7-49CF-BFFC-523D605E5E37}.Release|Any CPU.Build.0 = Release|Any CPU
		{88ED509D-8D32-4A4D-83F9-068D3B37F921}.Debug|Any CPU.ActiveCfg = Debug|Any CPU
		{88ED509D-8D32-4A4D-83F9-068D3B37F921}.Debug|Any CPU.Build.0 = Debug|Any CPU
		{88ED509D-8D32-4A4D-83F9-068D3B37F921}.Release|Any CPU.ActiveCfg = Release|Any CPU
		{88ED509D-8D32-4A4D-83F9-068D3B37F921}.Release|Any CPU.Build.0 = Release|Any CPU
		{10EAD22C-041F-4436-A391-935897309C23}.Debug|Any CPU.ActiveCfg = Debug|Any CPU
		{10EAD22C-041F-4436-A391-935897309C23}.Debug|Any CPU.Build.0 = Debug|Any CPU
		{10EAD22C-041F-4436-A391-935897309C23}.Release|Any CPU.ActiveCfg = Release|Any CPU
		{10EAD22C-041F-4436-A391-935897309C23}.Release|Any CPU.Build.0 = Release|Any CPU
	EndGlobalSection
	GlobalSection(SolutionProperties) = preSolution
		HideSolutionNode = FALSE
	EndGlobalSection
EndGlobal
